
Microsoft Visual Studio Solution File, Format Version 12.00
# Visual Studio 15
VisualStudioVersion = 15.0.26730.16
MinimumVisualStudioVersion = 10.0.40219.1
Project("{9A19103F-16F7-4668-BE54-9A1E7A4F7556}") = "AngularEf", "AngularEf\AngularEf.csproj", "{83C14D8F-7104-4321-82F6-FEF38E7BE86D}"
EndProject
Global
	GlobalSection(SolutionConfigurationPlatforms) = preSolution
		Debug|Any CPU = Debug|Any CPU
		Release|Any CPU = Release|Any CPU
	EndGlobalSection
	GlobalSection(ProjectConfigurationPlatforms) = postSolution
		{83C14D8F-7104-4321-82F6-FEF38E7BE86D}.Debug|Any CPU.ActiveCfg = Debug|Any CPU
		{83C14D8F-7104-4321-82F6-FEF38E7BE86D}.Debug|Any CPU.Build.0 = Debug|Any CPU
		{83C14D8F-7104-4321-82F6-FEF38E7BE86D}.Release|Any CPU.ActiveCfg = Release|Any CPU
		{83C14D8F-7104-4321-82F6-FEF38E7BE86D}.Release|Any CPU.Build.0 = Release|Any CPU
	EndGlobalSection
	GlobalSection(SolutionProperties) = preSolution
		HideSolutionNode = FALSE
	EndGlobalSection
	GlobalSection(ExtensibilityGlobals) = postSolution
		SolutionGuid = {5832B2BA-EA21-4C22-98EB-5E862536BAAC}
	EndGlobalSection
EndGlobal
